
Microsoft Visual Studio Solution File, Format Version 12.00
# Visual Studio 14
VisualStudioVersion = 14.0.25420.1
MinimumVisualStudioVersion = 10.0.40219.1
Project("{FAE04EC0-301F-11D3-BF4B-00C04F79EFBC}") = "Advent2016", "Advent2016\Advent2016.csproj", "{E879A808-8841-4BB1-B50E-8D8B8771A395}"
EndProject
Project("{FAE04EC0-301F-11D3-BF4B-00C04F79EFBC}") = "Bunny", "Bunny\Bunny.csproj", "{C06370C6-A2EB-45A3-89FC-24A28A2EA5AC}"
EndProject
Project("{FAE04EC0-301F-11D3-BF4B-00C04F79EFBC}") = "Bunny.UnitTests", "Bunny.UnitTests\Bunny.UnitTests.csproj", "{9C562741-88EC-409E-916F-67C9B72D31D2}"
EndProject
Global
	GlobalSection(SolutionConfigurationPlatforms) = preSolution
		Debug|Any CPU = Debug|Any CPU
		Release|Any CPU = Release|Any CPU
	EndGlobalSection
	GlobalSection(ProjectConfigurationPlatforms) = postSolution
		{E879A808-8841-4BB1-B50E-8D8B8771A395}.Debug|Any CPU.ActiveCfg = Debug|Any CPU
		{E879A808-8841-4BB1-B50E-8D8B8771A395}.Debug|Any CPU.Build.0 = Debug|Any CPU
		{E879A808-8841-4BB1-B50E-8D8B8771A395}.Release|Any CPU.ActiveCfg = Release|Any CPU
		{E879A808-8841-4BB1-B50E-8D8B8771A395}.Release|Any CPU.Build.0 = Release|Any CPU
		{C06370C6-A2EB-45A3-89FC-24A28A2EA5AC}.Debug|Any CPU.ActiveCfg = Debug|Any CPU
		{C06370C6-A2EB-45A3-89FC-24A28A2EA5AC}.Debug|Any CPU.Build.0 = Debug|Any CPU
		{C06370C6-A2EB-45A3-89FC-24A28A2EA5AC}.Release|Any CPU.ActiveCfg = Release|Any CPU
		{C06370C6-A2EB-45A3-89FC-24A28A2EA5AC}.Release|Any CPU.Build.0 = Release|Any CPU
		{9C562741-88EC-409E-916F-67C9B72D31D2}.Debug|Any CPU.ActiveCfg = Debug|Any CPU
		{9C562741-88EC-409E-916F-67C9B72D31D2}.Debug|Any CPU.Build.0 = Debug|Any CPU
		{9C562741-88EC-409E-916F-67C9B72D31D2}.Release|Any CPU.ActiveCfg = Release|Any CPU
		{9C562741-88EC-409E-916F-67C9B72D31D2}.Release|Any CPU.Build.0 = Release|Any CPU
	EndGlobalSection
	GlobalSection(SolutionProperties) = preSolution
		HideSolutionNode = FALSE
	EndGlobalSection
EndGlobal
